{
  "name": "ajs_3.1_c",
  "version": "1.0.0",
  "lockfileVersion": 1,
  "requires": true,
  "dependencies": {
    "@gudbrant/ajs": {
      "version": "1.0.0",
      "resolved": "https://npm.pkg.github.com/download/@gudbrant/ajs/1.0.0/b9643092cce57899b86822ff4cad23f4f6d8291ddff3350b71b8d74672a8471d",
      "integrity": "sha512-/Zc4fpmBhszpGi5K6dOtXBMP050Tsbzo4QcE+A7noTQrqTA8b0npETmD6NCSRFW/z454Fog9mV9Sa80ZpwnJ5w=="
    }
  }
}
